<?xml version="1.0" encoding="utf-8"?>
<Project ToolsVersion="4.0" xmlns="http://schemas.microsoft.com/developer/msbuild/2003">
  <ItemGroup>
    <Filter Include="Source Files">
      <UniqueIdentifier>{d10b9747-e538-467c-9f01-e3e350d1ec3f}</UniqueIdentifier>
      <Extensions>cpp;c;cxx;rc;def;r;odl;idl;hpj;bat</Extensions>
    </Filter>
    <Filter Include="Header Files">
      <UniqueIdentifier>{7fa358c7-f2bd-4a01-968a-ed5cb061b85f}</UniqueIdentifier>
      <Extensions>h;hpp;hxx;hm;inl</Extensions>
    </Filter>
    <Filter Include="Resource Files">
      <UniqueIdentifier>{c264445d-2873-499e-bca7-fd9632615312}</UniqueIdentifier>
      <Extensions>ico;cur;bmp;dlg;rc2;rct;bin;rgs;gif;jpg;jpeg;jpe</Extensions>
    </Filter>
  </ItemGroup>
  <ItemGroup>
    <ClCompile Include="StdAfx.cpp">
      <Filter>Source Files</Filter>
    </ClCompile>
    <ClCompile Include="CheckboxesTree.cpp">
      <Filter>Source Files</Filter>
    </ClCompile>
    <ClCompile Include="CheckboxesTreeDlg.cpp">
      <Filter>Source Files</Filter>
    </ClCompile>
    <ClCompile Include="CheckboxesTreeCtrl.cpp">
      <Filter>Source Files</Filter>
    </ClCompile>
    <ClCompile Include="TitleTip.cpp">
      <Filter>Source Files</Filter>
    </ClCompile>
    <ClCompile Include="TreeItem.cpp">
      <Filter>Source Files</Filter>
    </ClCompile>
  </ItemGroup>
  <ItemGroup>
    <ClInclude Include="Resource.h">
      <Filter>Header Files</Filter>
    </ClInclude>
    <ClInclude Include="StdAfx.h">
      <Filter>Header Files</Filter>
    </ClInclude>
    <ClInclude Include="CheckboxesTree.h">
      <Filter>Header Files</Filter>
    </ClInclude>
    <ClInclude Include="CheckboxesTreeDlg.h">
      <Filter>Header Files</Filter>
    </ClInclude>
    <ClInclude Include="CheckboxesTreeCtrl.h">
      <Filter>Header Files</Filter>
    </ClInclude>
    <ClInclude Include="TitleTip.h">
      <Filter>Header Files</Filter>
    </ClInclude>
    <ClInclude Include="TreeItem.h">
      <Filter>Header Files</Filter>
    </ClInclude>
  </ItemGroup>
  <ItemGroup>
    <CustomBuild Include="ReadMe.txt" />
  </ItemGroup>
  <ItemGroup>
    <ResourceCompile Include="CheckboxesTree.rc">
      <Filter>Source Files</Filter>
    </ResourceCompile>
  </ItemGroup>
  <ItemGroup>
    <None Include="res\CheckboxesIcon.ico">
      <Filter>Resource Files</Filter>
    </None>
    <None Include="res\checkbox_check.bmp">
      <Filter>Resource Files</Filter>
    </None>
    <None Include="res\checkbox_empty.bmp">
      <Filter>Resource Files</Filter>
    </None>
    <None Include="res\checkbox_uncheck.bmp">
      <Filter>Resource Files</Filter>
    </None>
  </ItemGroup>
</Project>